
Microsoft Visual Studio Solution File, Format Version 12.00
# Visual Studio Version 16
VisualStudioVersion = 16.0.29326.143
MinimumVisualStudioVersion = 10.0.40219.1
Project("{FAE04EC0-301F-11D3-BF4B-00C04F79EFBC}") = "ADO.NET_HW5", "ADO.NET_HW5\ADO.NET_HW5.csproj", "{961B5BD7-4EB4-4589-A4FF-FF145E55EF1B}"
EndProject
Global
	GlobalSection(SolutionConfigurationPlatforms) = preSolution
		Debug|Any CPU = Debug|Any CPU
		Release|Any CPU = Release|Any CPU
	EndGlobalSection
	GlobalSection(ProjectConfigurationPlatforms) = postSolution
		{961B5BD7-4EB4-4589-A4FF-FF145E55EF1B}.Debug|Any CPU.ActiveCfg = Debug|Any CPU
		{961B5BD7-4EB4-4589-A4FF-FF145E55EF1B}.Debug|Any CPU.Build.0 = Debug|Any CPU
		{961B5BD7-4EB4-4589-A4FF-FF145E55EF1B}.Release|Any CPU.ActiveCfg = Release|Any CPU
		{961B5BD7-4EB4-4589-A4FF-FF145E55EF1B}.Release|Any CPU.Build.0 = Release|Any CPU
	EndGlobalSection
	GlobalSection(SolutionProperties) = preSolution
		HideSolutionNode = FALSE
	EndGlobalSection
	GlobalSection(ExtensibilityGlobals) = postSolution
		SolutionGuid = {FCB0E4FE-A436-4865-8460-F17405A25CF3}
	EndGlobalSection
EndGlobal
